
Microsoft Visual Studio Solution File, Format Version 12.00
# Visual Studio Version 17
VisualStudioVersion = 17.7.34031.279
MinimumVisualStudioVersion = 10.0.40219.1
Project("{9A19103F-16F7-4668-BE54-9A1E7A4F7556}") = "AM.UI.Console", "AM.UI.Console\AM.UI.Console.csproj", "{7C5D48D3-B5FA-4449-97C0-035417DC6955}"
EndProject
Project("{9A19103F-16F7-4668-BE54-9A1E7A4F7556}") = "AM.ApplicationCore", "AM.ApplicationCore\AM.ApplicationCore.csproj", "{1B428AC9-C08A-4AF6-86D0-779340EAB234}"
EndProject
Project("{FAE04EC0-301F-11D3-BF4B-00C04F79EFBC}") = "AM.Infrastructure", "AM.Infrastructure\AM.Infrastructure.csproj", "{DD690D5D-FE56-49A8-9D9E-E6681E44D014}"
EndProject
Global
	GlobalSection(SolutionConfigurationPlatforms) = preSolution
		Debug|Any CPU = Debug|Any CPU
		Release|Any CPU = Release|Any CPU
	EndGlobalSection
	GlobalSection(ProjectConfigurationPlatforms) = postSolution
		{7C5D48D3-B5FA-4449-97C0-035417DC6955}.Debug|Any CPU.ActiveCfg = Debug|Any CPU
		{7C5D48D3-B5FA-4449-97C0-035417DC6955}.Debug|Any CPU.Build.0 = Debug|Any CPU
		{7C5D48D3-B5FA-4449-97C0-035417DC6955}.Release|Any CPU.ActiveCfg = Release|Any CPU
		{7C5D48D3-B5FA-4449-97C0-035417DC6955}.Release|Any CPU.Build.0 = Release|Any CPU
		{1B428AC9-C08A-4AF6-86D0-779340EAB234}.Debug|Any CPU.ActiveCfg = Debug|Any CPU
		{1B428AC9-C08A-4AF6-86D0-779340EAB234}.Debug|Any CPU.Build.0 = Debug|Any CPU
		{1B428AC9-C08A-4AF6-86D0-779340EAB234}.Release|Any CPU.ActiveCfg = Release|Any CPU
		{1B428AC9-C08A-4AF6-86D0-779340EAB234}.Release|Any CPU.Build.0 = Release|Any CPU
		{DD690D5D-FE56-49A8-9D9E-E6681E44D014}.Debug|Any CPU.ActiveCfg = Debug|Any CPU
		{DD690D5D-FE56-49A8-9D9E-E6681E44D014}.Debug|Any CPU.Build.0 = Debug|Any CPU
		{DD690D5D-FE56-49A8-9D9E-E6681E44D014}.Release|Any CPU.ActiveCfg = Release|Any CPU
		{DD690D5D-FE56-49A8-9D9E-E6681E44D014}.Release|Any CPU.Build.0 = Release|Any CPU
	EndGlobalSection
	GlobalSection(SolutionProperties) = preSolution
		HideSolutionNode = FALSE
	EndGlobalSection
	GlobalSection(ExtensibilityGlobals) = postSolution
		SolutionGuid = {D22E9FA3-B5F2-4752-AAD4-223A9FBB58E5}
	EndGlobalSection
EndGlobal
